
Microsoft Visual Studio Solution File, Format Version 12.00
# Visual Studio Version 17
VisualStudioVersion = 17.14.36930.0 d17.14
MinimumVisualStudioVersion = 10.0.40219.1
Project("{FAE04EC0-301F-11D3-BF4B-00C04F79EFBC}") = "Backend", "Backend\Backend.csproj", "{94411B06-10EF-40E3-A1B2-E1A8F6A7BD1B}"
EndProject
Global
	GlobalSection(SolutionConfigurationPlatforms) = preSolution
		Debug|Any CPU = Debug|Any CPU
		Release|Any CPU = Release|Any CPU
	EndGlobalSection
	GlobalSection(ProjectConfigurationPlatforms) = postSolution
		{94411B06-10EF-40E3-A1B2-E1A8F6A7BD1B}.Debug|Any CPU.ActiveCfg = Debug|Any CPU
		{94411B06-10EF-40E3-A1B2-E1A8F6A7BD1B}.Debug|Any CPU.Build.0 = Debug|Any CPU
		{94411B06-10EF-40E3-A1B2-E1A8F6A7BD1B}.Release|Any CPU.ActiveCfg = Release|Any CPU
		{94411B06-10EF-40E3-A1B2-E1A8F6A7BD1B}.Release|Any CPU.Build.0 = Release|Any CPU
	EndGlobalSection
	GlobalSection(SolutionProperties) = preSolution
		HideSolutionNode = FALSE
	EndGlobalSection
	GlobalSection(ExtensibilityGlobals) = postSolution
		SolutionGuid = {35E97D86-DF76-434E-937D-4EF4F25AF388}
	EndGlobalSection
EndGlobal
